
Microsoft Visual Studio Solution File, Format Version 12.00
# Visual Studio Version 16
VisualStudioVersion = 25.0.1705.0
MinimumVisualStudioVersion = 10.0.40219.1
Project("{FAE04EC0-301F-11D3-BF4B-00C04F79EFBC}") = "projet2_CRA", "projet2_CRA.csproj", "{A381EDBB-42A1-460C-9D56-9D4C82E95D6D}"
EndProject
Project("{FAE04EC0-301F-11D3-BF4B-00C04F79EFBC}") = "XUnitTestApp", "..\XUnitTestApp\XUnitTestApp.csproj", "{8F45373A-3F20-4116-9C68-0686F41CED9B}"
EndProject
Global
	GlobalSection(SolutionConfigurationPlatforms) = preSolution
		Debug|Any CPU = Debug|Any CPU
		Release|Any CPU = Release|Any CPU
	EndGlobalSection
	GlobalSection(ProjectConfigurationPlatforms) = postSolution
		{A381EDBB-42A1-460C-9D56-9D4C82E95D6D}.Debug|Any CPU.ActiveCfg = Debug|Any CPU
		{A381EDBB-42A1-460C-9D56-9D4C82E95D6D}.Debug|Any CPU.Build.0 = Debug|Any CPU
		{A381EDBB-42A1-460C-9D56-9D4C82E95D6D}.Release|Any CPU.ActiveCfg = Release|Any CPU
		{A381EDBB-42A1-460C-9D56-9D4C82E95D6D}.Release|Any CPU.Build.0 = Release|Any CPU
		{8F45373A-3F20-4116-9C68-0686F41CED9B}.Debug|Any CPU.ActiveCfg = Debug|Any CPU
		{8F45373A-3F20-4116-9C68-0686F41CED9B}.Debug|Any CPU.Build.0 = Debug|Any CPU
		{8F45373A-3F20-4116-9C68-0686F41CED9B}.Release|Any CPU.ActiveCfg = Release|Any CPU
		{8F45373A-3F20-4116-9C68-0686F41CED9B}.Release|Any CPU.Build.0 = Release|Any CPU
	EndGlobalSection
	GlobalSection(SolutionProperties) = preSolution
		HideSolutionNode = FALSE
	EndGlobalSection
	GlobalSection(ExtensibilityGlobals) = postSolution
		SolutionGuid = {CA86DA95-6441-4DA9-B155-5F8F210E12A6}
	EndGlobalSection
EndGlobal
